
Microsoft Visual Studio Solution File, Format Version 12.00
# Visual Studio Version 16
VisualStudioVersion = 16.0.31313.79
MinimumVisualStudioVersion = 10.0.40219.1
Project("{9A19103F-16F7-4668-BE54-9A1E7A4F7556}") = "PromotionEngine.Model", "PromotionEngine.Model\PromotionEngine.Model.csproj", "{62FBBE72-B2D5-45BC-96A8-62E1343CD97F}"
EndProject
Project("{FAE04EC0-301F-11D3-BF4B-00C04F79EFBC}") = "PromotionEngine.Application", "PromotionEngine.Application\PromotionEngine.Application.csproj", "{536A10DD-5672-406B-A467-06C051CEB228}"
EndProject
Project("{2150E333-8FDC-42A3-9474-1A3956D46DE8}") = "Source", "Source", "{BD6D8E6F-0FA5-4690-8677-EFE1E04B1F04}"
EndProject
Project("{2150E333-8FDC-42A3-9474-1A3956D46DE8}") = "Test", "Test", "{E416321E-FB1A-4182-A33A-AD5A972240CC}"
EndProject
Project("{FAE04EC0-301F-11D3-BF4B-00C04F79EFBC}") = "PromotionEngine.Application.UnitTests", "..\Test\PromotionEngine.Application.UnitTests\PromotionEngine.Application.UnitTests.csproj", "{2E3998E3-AEDE-40E9-82EE-4191781A670D}"
EndProject
Project("{9A19103F-16F7-4668-BE54-9A1E7A4F7556}") = "PromotionEngine.Application.IntegrationTests", "..\Test\PromotionEngine.Application.IntegrationTests\PromotionEngine.Application.IntegrationTests.csproj", "{C93C0AB8-D357-4FE9-B0B9-914ECFDFAEF7}"
EndProject
Global
	GlobalSection(SolutionConfigurationPlatforms) = preSolution
		Debug|Any CPU = Debug|Any CPU
		Release|Any CPU = Release|Any CPU
	EndGlobalSection
	GlobalSection(ProjectConfigurationPlatforms) = postSolution
		{62FBBE72-B2D5-45BC-96A8-62E1343CD97F}.Debug|Any CPU.ActiveCfg = Debug|Any CPU
		{62FBBE72-B2D5-45BC-96A8-62E1343CD97F}.Debug|Any CPU.Build.0 = Debug|Any CPU
		{62FBBE72-B2D5-45BC-96A8-62E1343CD97F}.Release|Any CPU.ActiveCfg = Release|Any CPU
		{62FBBE72-B2D5-45BC-96A8-62E1343CD97F}.Release|Any CPU.Build.0 = Release|Any CPU
		{536A10DD-5672-406B-A467-06C051CEB228}.Debug|Any CPU.ActiveCfg = Debug|Any CPU
		{536A10DD-5672-406B-A467-06C051CEB228}.Debug|Any CPU.Build.0 = Debug|Any CPU
		{536A10DD-5672-406B-A467-06C051CEB228}.Release|Any CPU.ActiveCfg = Release|Any CPU
		{536A10DD-5672-406B-A467-06C051CEB228}.Release|Any CPU.Build.0 = Release|Any CPU
		{2E3998E3-AEDE-40E9-82EE-4191781A670D}.Debug|Any CPU.ActiveCfg = Debug|Any CPU
		{2E3998E3-AEDE-40E9-82EE-4191781A670D}.Debug|Any CPU.Build.0 = Debug|Any CPU
		{2E3998E3-AEDE-40E9-82EE-4191781A670D}.Release|Any CPU.ActiveCfg = Release|Any CPU
		{2E3998E3-AEDE-40E9-82EE-4191781A670D}.Release|Any CPU.Build.0 = Release|Any CPU
		{C93C0AB8-D357-4FE9-B0B9-914ECFDFAEF7}.Debug|Any CPU.ActiveCfg = Debug|Any CPU
		{C93C0AB8-D357-4FE9-B0B9-914ECFDFAEF7}.Debug|Any CPU.Build.0 = Debug|Any CPU
		{C93C0AB8-D357-4FE9-B0B9-914ECFDFAEF7}.Release|Any CPU.ActiveCfg = Release|Any CPU
		{C93C0AB8-D357-4FE9-B0B9-914ECFDFAEF7}.Release|Any CPU.Build.0 = Release|Any CPU
	EndGlobalSection
	GlobalSection(SolutionProperties) = preSolution
		HideSolutionNode = FALSE
	EndGlobalSection
	GlobalSection(NestedProjects) = preSolution
		{62FBBE72-B2D5-45BC-96A8-62E1343CD97F} = {BD6D8E6F-0FA5-4690-8677-EFE1E04B1F04}
		{536A10DD-5672-406B-A467-06C051CEB228} = {BD6D8E6F-0FA5-4690-8677-EFE1E04B1F04}
		{2E3998E3-AEDE-40E9-82EE-4191781A670D} = {E416321E-FB1A-4182-A33A-AD5A972240CC}
		{C93C0AB8-D357-4FE9-B0B9-914ECFDFAEF7} = {E416321E-FB1A-4182-A33A-AD5A972240CC}
	EndGlobalSection
	GlobalSection(ExtensibilityGlobals) = postSolution
		SolutionGuid = {A11DB640-6CBA-4BF5-9AE6-29165CA470DA}
	EndGlobalSection
EndGlobal
